
Microsoft Visual Studio Solution File, Format Version 12.00
# Visual Studio 2012
Project("{FAE04EC0-301F-11D3-BF4B-00C04F79EFBC}") = "Blog.Client", "BlogClient\Blog.Client.csproj", "{85D937A5-9F7E-4CD5-B091-96A0E8F38B48}"
EndProject
Project("{FAE04EC0-301F-11D3-BF4B-00C04F79EFBC}") = "Blog.BusinessEntities", "Blog.BusinessEntities\Blog.BusinessEntities.csproj", "{8089F243-361A-41A8-957D-61DB7ECFB5CC}"
EndProject
Project("{FAE04EC0-301F-11D3-BF4B-00C04F79EFBC}") = "Blog.BusinessLogic", "Blog.BusinessLogic\Blog.BusinessLogic.csproj", "{D0B75ADA-DBE1-40A8-BD77-1EC43817DBEE}"
EndProject
Project("{FAE04EC0-301F-11D3-BF4B-00C04F79EFBC}") = "Blog.BusinessLogic.Tests", "Blog.BusinessLogic.Tests\Blog.BusinessLogic.Tests.csproj", "{BCDB4023-8A77-4660-9C46-5CE5B3F0BA60}"
EndProject
Project("{2150E333-8FDC-42A3-9474-1A3956D46DE8}") = "Sql", "Sql", "{6E5F3177-9A83-4E6A-9080-69200605B4DC}"
	ProjectSection(SolutionItems) = preProject
		sql\GenerateTestData.sql = sql\GenerateTestData.sql
	EndProjectSection
EndProject
Project("{2150E333-8FDC-42A3-9474-1A3956D46DE8}") = ".nuget", ".nuget", "{E32E652B-53DD-47BC-8B20-7D597849D447}"
	ProjectSection(SolutionItems) = preProject
		.nuget\NuGet.Config = .nuget\NuGet.Config
		.nuget\NuGet.exe = .nuget\NuGet.exe
		.nuget\NuGet.targets = .nuget\NuGet.targets
	EndProjectSection
EndProject
Project("{FAE04EC0-301F-11D3-BF4B-00C04F79EFBC}") = "Blog.Service.Tests", "Blog.Service.Tests\Blog.Service.Tests.csproj", "{2C4F759B-0CF8-4315-809D-BB5B1BFBD2C6}"
EndProject
Project("{FAE04EC0-301F-11D3-BF4B-00C04F79EFBC}") = "Blog.ConsoleService", "Blog.ConsoleService\Blog.ConsoleService.csproj", "{640B6ADA-5478-4CE3-825C-2F4B89560672}"
EndProject
Project("{FAE04EC0-301F-11D3-BF4B-00C04F79EFBC}") = "Blog.Worker", "Blog.Worker\Blog.Worker.csproj", "{72A069C7-BA53-49A8-8896-C5DAD43C7D37}"
EndProject
Project("{2150E333-8FDC-42A3-9474-1A3956D46DE8}") = "Solution Items", "Solution Items", "{21B06B97-47F9-42CA-A318-B70F7F4BB180}"
EndProject
Project("{FAE04EC0-301F-11D3-BF4B-00C04F79EFBC}") = "Blog.Client.PowerShellCmdlet", "Blog.Client.PowerShellCmdlet\Blog.Client.PowerShellCmdlet.csproj", "{807A28F0-0C7A-4C45-802A-62CC07EC370D}"
EndProject
Project("{FAE04EC0-301F-11D3-BF4B-00C04F79EFBC}") = "Blog.FitNesse.Tests", "Blog.FitNesse.Tests\Blog.FitNesse.Tests.csproj", "{A15D1310-B82F-477B-945F-F73342586D6E}"
EndProject
Project("{930C7802-8A8C-48F9-8165-68863BCCD9DD}") = "Blog.SetupProject", "Blog.SetupProject\Blog.SetupProject.wixproj", "{113C4904-D9A1-49E8-AE95-F3316543A7F8}"
EndProject
Global
	GlobalSection(SolutionConfigurationPlatforms) = preSolution
		Debug|Any CPU = Debug|Any CPU
		Debug|Mixed Platforms = Debug|Mixed Platforms
		Debug|x86 = Debug|x86
		Release|Any CPU = Release|Any CPU
		Release|Mixed Platforms = Release|Mixed Platforms
		Release|x86 = Release|x86
	EndGlobalSection
	GlobalSection(ProjectConfigurationPlatforms) = postSolution
		{85D937A5-9F7E-4CD5-B091-96A0E8F38B48}.Debug|Any CPU.ActiveCfg = Debug|Any CPU
		{85D937A5-9F7E-4CD5-B091-96A0E8F38B48}.Debug|Any CPU.Build.0 = Debug|Any CPU
		{85D937A5-9F7E-4CD5-B091-96A0E8F38B48}.Debug|Mixed Platforms.ActiveCfg = Debug|Any CPU
		{85D937A5-9F7E-4CD5-B091-96A0E8F38B48}.Debug|Mixed Platforms.Build.0 = Debug|Any CPU
		{85D937A5-9F7E-4CD5-B091-96A0E8F38B48}.Debug|x86.ActiveCfg = Debug|Any CPU
		{85D937A5-9F7E-4CD5-B091-96A0E8F38B48}.Release|Any CPU.ActiveCfg = Release|Any CPU
		{85D937A5-9F7E-4CD5-B091-96A0E8F38B48}.Release|Any CPU.Build.0 = Release|Any CPU
		{85D937A5-9F7E-4CD5-B091-96A0E8F38B48}.Release|Mixed Platforms.ActiveCfg = Release|Any CPU
		{85D937A5-9F7E-4CD5-B091-96A0E8F38B48}.Release|Mixed Platforms.Build.0 = Release|Any CPU
		{85D937A5-9F7E-4CD5-B091-96A0E8F38B48}.Release|x86.ActiveCfg = Release|Any CPU
		{8089F243-361A-41A8-957D-61DB7ECFB5CC}.Debug|Any CPU.ActiveCfg = Debug|Any CPU
		{8089F243-361A-41A8-957D-61DB7ECFB5CC}.Debug|Any CPU.Build.0 = Debug|Any CPU
		{8089F243-361A-41A8-957D-61DB7ECFB5CC}.Debug|Mixed Platforms.ActiveCfg = Debug|Any CPU
		{8089F243-361A-41A8-957D-61DB7ECFB5CC}.Debug|Mixed Platforms.Build.0 = Debug|Any CPU
		{8089F243-361A-41A8-957D-61DB7ECFB5CC}.Debug|x86.ActiveCfg = Debug|Any CPU
		{8089F243-361A-41A8-957D-61DB7ECFB5CC}.Release|Any CPU.ActiveCfg = Release|Any CPU
		{8089F243-361A-41A8-957D-61DB7ECFB5CC}.Release|Any CPU.Build.0 = Release|Any CPU
		{8089F243-361A-41A8-957D-61DB7ECFB5CC}.Release|Mixed Platforms.ActiveCfg = Release|Any CPU
		{8089F243-361A-41A8-957D-61DB7ECFB5CC}.Release|Mixed Platforms.Build.0 = Release|Any CPU
		{8089F243-361A-41A8-957D-61DB7ECFB5CC}.Release|x86.ActiveCfg = Release|Any CPU
		{D0B75ADA-DBE1-40A8-BD77-1EC43817DBEE}.Debug|Any CPU.ActiveCfg = Debug|Any CPU
		{D0B75ADA-DBE1-40A8-BD77-1EC43817DBEE}.Debug|Any CPU.Build.0 = Debug|Any CPU
		{D0B75ADA-DBE1-40A8-BD77-1EC43817DBEE}.Debug|Mixed Platforms.ActiveCfg = Debug|Any CPU
		{D0B75ADA-DBE1-40A8-BD77-1EC43817DBEE}.Debug|Mixed Platforms.Build.0 = Debug|Any CPU
		{D0B75ADA-DBE1-40A8-BD77-1EC43817DBEE}.Debug|x86.ActiveCfg = Debug|Any CPU
		{D0B75ADA-DBE1-40A8-BD77-1EC43817DBEE}.Release|Any CPU.ActiveCfg = Release|Any CPU
		{D0B75ADA-DBE1-40A8-BD77-1EC43817DBEE}.Release|Any CPU.Build.0 = Release|Any CPU
		{D0B75ADA-DBE1-40A8-BD77-1EC43817DBEE}.Release|Mixed Platforms.ActiveCfg = Release|Any CPU
		{D0B75ADA-DBE1-40A8-BD77-1EC43817DBEE}.Release|Mixed Platforms.Build.0 = Release|Any CPU
		{D0B75ADA-DBE1-40A8-BD77-1EC43817DBEE}.Release|x86.ActiveCfg = Release|Any CPU
		{BCDB4023-8A77-4660-9C46-5CE5B3F0BA60}.Debug|Any CPU.ActiveCfg = Debug|Any CPU
		{BCDB4023-8A77-4660-9C46-5CE5B3F0BA60}.Debug|Any CPU.Build.0 = Debug|Any CPU
		{BCDB4023-8A77-4660-9C46-5CE5B3F0BA60}.Debug|Mixed Platforms.ActiveCfg = Debug|Any CPU
		{BCDB4023-8A77-4660-9C46-5CE5B3F0BA60}.Debug|Mixed Platforms.Build.0 = Debug|Any CPU
		{BCDB4023-8A77-4660-9C46-5CE5B3F0BA60}.Debug|x86.ActiveCfg = Debug|Any CPU
		{BCDB4023-8A77-4660-9C46-5CE5B3F0BA60}.Release|Any CPU.ActiveCfg = Release|Any CPU
		{BCDB4023-8A77-4660-9C46-5CE5B3F0BA60}.Release|Any CPU.Build.0 = Release|Any CPU
		{BCDB4023-8A77-4660-9C46-5CE5B3F0BA60}.Release|Mixed Platforms.ActiveCfg = Release|Any CPU
		{BCDB4023-8A77-4660-9C46-5CE5B3F0BA60}.Release|Mixed Platforms.Build.0 = Release|Any CPU
		{BCDB4023-8A77-4660-9C46-5CE5B3F0BA60}.Release|x86.ActiveCfg = Release|Any CPU
		{2C4F759B-0CF8-4315-809D-BB5B1BFBD2C6}.Debug|Any CPU.ActiveCfg = Debug|Any CPU
		{2C4F759B-0CF8-4315-809D-BB5B1BFBD2C6}.Debug|Any CPU.Build.0 = Debug|Any CPU
		{2C4F759B-0CF8-4315-809D-BB5B1BFBD2C6}.Debug|Mixed Platforms.ActiveCfg = Debug|Any CPU
		{2C4F759B-0CF8-4315-809D-BB5B1BFBD2C6}.Debug|Mixed Platforms.Build.0 = Debug|Any CPU
		{2C4F759B-0CF8-4315-809D-BB5B1BFBD2C6}.Debug|x86.ActiveCfg = Debug|Any CPU
		{2C4F759B-0CF8-4315-809D-BB5B1BFBD2C6}.Release|Any CPU.ActiveCfg = Release|Any CPU
		{2C4F759B-0CF8-4315-809D-BB5B1BFBD2C6}.Release|Any CPU.Build.0 = Release|Any CPU
		{2C4F759B-0CF8-4315-809D-BB5B1BFBD2C6}.Release|Mixed Platforms.ActiveCfg = Release|Any CPU
		{2C4F759B-0CF8-4315-809D-BB5B1BFBD2C6}.Release|Mixed Platforms.Build.0 = Release|Any CPU
		{2C4F759B-0CF8-4315-809D-BB5B1BFBD2C6}.Release|x86.ActiveCfg = Release|Any CPU
		{640B6ADA-5478-4CE3-825C-2F4B89560672}.Debug|Any CPU.ActiveCfg = Debug|Any CPU
		{640B6ADA-5478-4CE3-825C-2F4B89560672}.Debug|Any CPU.Build.0 = Debug|Any CPU
		{640B6ADA-5478-4CE3-825C-2F4B89560672}.Debug|Mixed Platforms.ActiveCfg = Debug|Any CPU
		{640B6ADA-5478-4CE3-825C-2F4B89560672}.Debug|Mixed Platforms.Build.0 = Debug|Any CPU
		{640B6ADA-5478-4CE3-825C-2F4B89560672}.Debug|x86.ActiveCfg = Debug|Any CPU
		{640B6ADA-5478-4CE3-825C-2F4B89560672}.Release|Any CPU.ActiveCfg = Release|Any CPU
		{640B6ADA-5478-4CE3-825C-2F4B89560672}.Release|Any CPU.Build.0 = Release|Any CPU
		{640B6ADA-5478-4CE3-825C-2F4B89560672}.Release|Mixed Platforms.ActiveCfg = Release|Any CPU
		{640B6ADA-5478-4CE3-825C-2F4B89560672}.Release|Mixed Platforms.Build.0 = Release|Any CPU
		{640B6ADA-5478-4CE3-825C-2F4B89560672}.Release|x86.ActiveCfg = Release|Any CPU
		{72A069C7-BA53-49A8-8896-C5DAD43C7D37}.Debug|Any CPU.ActiveCfg = Debug|Any CPU
		{72A069C7-BA53-49A8-8896-C5DAD43C7D37}.Debug|Any CPU.Build.0 = Debug|Any CPU
		{72A069C7-BA53-49A8-8896-C5DAD43C7D37}.Debug|Mixed Platforms.ActiveCfg = Debug|Any CPU
		{72A069C7-BA53-49A8-8896-C5DAD43C7D37}.Debug|Mixed Platforms.Build.0 = Debug|Any CPU
		{72A069C7-BA53-49A8-8896-C5DAD43C7D37}.Debug|x86.ActiveCfg = Debug|Any CPU
		{72A069C7-BA53-49A8-8896-C5DAD43C7D37}.Release|Any CPU.ActiveCfg = Release|Any CPU
		{72A069C7-BA53-49A8-8896-C5DAD43C7D37}.Release|Any CPU.Build.0 = Release|Any CPU
		{72A069C7-BA53-49A8-8896-C5DAD43C7D37}.Release|Mixed Platforms.ActiveCfg = Release|Any CPU
		{72A069C7-BA53-49A8-8896-C5DAD43C7D37}.Release|Mixed Platforms.Build.0 = Release|Any CPU
		{72A069C7-BA53-49A8-8896-C5DAD43C7D37}.Release|x86.ActiveCfg = Release|Any CPU
		{807A28F0-0C7A-4C45-802A-62CC07EC370D}.Debug|Any CPU.ActiveCfg = Debug|Any CPU
		{807A28F0-0C7A-4C45-802A-62CC07EC370D}.Debug|Any CPU.Build.0 = Debug|Any CPU
		{807A28F0-0C7A-4C45-802A-62CC07EC370D}.Debug|Mixed Platforms.ActiveCfg = Debug|Any CPU
		{807A28F0-0C7A-4C45-802A-62CC07EC370D}.Debug|Mixed Platforms.Build.0 = Debug|Any CPU
		{807A28F0-0C7A-4C45-802A-62CC07EC370D}.Debug|x86.ActiveCfg = Debug|Any CPU
		{807A28F0-0C7A-4C45-802A-62CC07EC370D}.Release|Any CPU.ActiveCfg = Release|Any CPU
		{807A28F0-0C7A-4C45-802A-62CC07EC370D}.Release|Any CPU.Build.0 = Release|Any CPU
		{807A28F0-0C7A-4C45-802A-62CC07EC370D}.Release|Mixed Platforms.ActiveCfg = Release|Any CPU
		{807A28F0-0C7A-4C45-802A-62CC07EC370D}.Release|Mixed Platforms.Build.0 = Release|Any CPU
		{807A28F0-0C7A-4C45-802A-62CC07EC370D}.Release|x86.ActiveCfg = Release|Any CPU
		{A15D1310-B82F-477B-945F-F73342586D6E}.Debug|Any CPU.ActiveCfg = Debug|Any CPU
		{A15D1310-B82F-477B-945F-F73342586D6E}.Debug|Any CPU.Build.0 = Debug|Any CPU
		{A15D1310-B82F-477B-945F-F73342586D6E}.Debug|Mixed Platforms.ActiveCfg = Debug|Any CPU
		{A15D1310-B82F-477B-945F-F73342586D6E}.Debug|Mixed Platforms.Build.0 = Debug|Any CPU
		{A15D1310-B82F-477B-945F-F73342586D6E}.Debug|x86.ActiveCfg = Debug|Any CPU
		{A15D1310-B82F-477B-945F-F73342586D6E}.Release|Any CPU.ActiveCfg = Release|Any CPU
		{A15D1310-B82F-477B-945F-F73342586D6E}.Release|Any CPU.Build.0 = Release|Any CPU
		{A15D1310-B82F-477B-945F-F73342586D6E}.Release|Mixed Platforms.ActiveCfg = Release|Any CPU
		{A15D1310-B82F-477B-945F-F73342586D6E}.Release|Mixed Platforms.Build.0 = Release|Any CPU
		{A15D1310-B82F-477B-945F-F73342586D6E}.Release|x86.ActiveCfg = Release|Any CPU
		{113C4904-D9A1-49E8-AE95-F3316543A7F8}.Debug|Any CPU.ActiveCfg = Debug|x86
		{113C4904-D9A1-49E8-AE95-F3316543A7F8}.Debug|Mixed Platforms.ActiveCfg = Debug|x86
		{113C4904-D9A1-49E8-AE95-F3316543A7F8}.Debug|Mixed Platforms.Build.0 = Debug|x86
		{113C4904-D9A1-49E8-AE95-F3316543A7F8}.Debug|x86.ActiveCfg = Debug|x86
		{113C4904-D9A1-49E8-AE95-F3316543A7F8}.Debug|x86.Build.0 = Debug|x86
		{113C4904-D9A1-49E8-AE95-F3316543A7F8}.Release|Any CPU.ActiveCfg = Release|x86
		{113C4904-D9A1-49E8-AE95-F3316543A7F8}.Release|Mixed Platforms.ActiveCfg = Release|x86
		{113C4904-D9A1-49E8-AE95-F3316543A7F8}.Release|Mixed Platforms.Build.0 = Release|x86
		{113C4904-D9A1-49E8-AE95-F3316543A7F8}.Release|x86.ActiveCfg = Release|x86
		{113C4904-D9A1-49E8-AE95-F3316543A7F8}.Release|x86.Build.0 = Release|x86
	EndGlobalSection
	GlobalSection(SolutionProperties) = preSolution
		HideSolutionNode = FALSE
	EndGlobalSection
EndGlobal
